
Microsoft Visual Studio Solution File, Format Version 12.00
# Visual Studio Version 16
VisualStudioVersion = 16.0.29418.71
MinimumVisualStudioVersion = 10.0.40219.1
Project("{FAE04EC0-301F-11D3-BF4B-00C04F79EFBC}") = "InstaShop.Web", "InstaShop.Web\InstaShop.Web.csproj", "{57555FC3-6753-440E-ADAD-56B86AC18C1E}"
EndProject
Project("{FAE04EC0-301F-11D3-BF4B-00C04F79EFBC}") = "InstaShop.DataLayer", "InstaShop.DataLayer\InstaShop.DataLayer.csproj", "{C48BAC8A-4357-4FBA-8B17-C5F2AF204764}"
EndProject
Global
	GlobalSection(SolutionConfigurationPlatforms) = preSolution
		Debug|Any CPU = Debug|Any CPU
		Release|Any CPU = Release|Any CPU
	EndGlobalSection
	GlobalSection(ProjectConfigurationPlatforms) = postSolution
		{57555FC3-6753-440E-ADAD-56B86AC18C1E}.Debug|Any CPU.ActiveCfg = Debug|Any CPU
		{57555FC3-6753-440E-ADAD-56B86AC18C1E}.Debug|Any CPU.Build.0 = Debug|Any CPU
		{57555FC3-6753-440E-ADAD-56B86AC18C1E}.Release|Any CPU.ActiveCfg = Release|Any CPU
		{57555FC3-6753-440E-ADAD-56B86AC18C1E}.Release|Any CPU.Build.0 = Release|Any CPU
		{C48BAC8A-4357-4FBA-8B17-C5F2AF204764}.Debug|Any CPU.ActiveCfg = Debug|Any CPU
		{C48BAC8A-4357-4FBA-8B17-C5F2AF204764}.Debug|Any CPU.Build.0 = Debug|Any CPU
		{C48BAC8A-4357-4FBA-8B17-C5F2AF204764}.Release|Any CPU.ActiveCfg = Release|Any CPU
		{C48BAC8A-4357-4FBA-8B17-C5F2AF204764}.Release|Any CPU.Build.0 = Release|Any CPU
	EndGlobalSection
	GlobalSection(SolutionProperties) = preSolution
		HideSolutionNode = FALSE
	EndGlobalSection
	GlobalSection(ExtensibilityGlobals) = postSolution
		SolutionGuid = {413645B7-FDB7-4275-976C-16EE22944F38}
	EndGlobalSection
EndGlobal
